
Microsoft Visual Studio Solution File, Format Version 12.00
# Visual Studio 2012
Project("{2150E333-8FDC-42A3-9474-1A3956D46DE8}") = "Library", "Library", "{905E6F2F-8AD8-4A86-AC32-84018ABE9109}"
EndProject
Project("{2150E333-8FDC-42A3-9474-1A3956D46DE8}") = "WebApp", "WebApp", "{AE42E58E-9E6C-467A-9A0B-25814117C839}"
EndProject
Project("{2150E333-8FDC-42A3-9474-1A3956D46DE8}") = "Modules", "Modules", "{B10C753C-5BD1-4685-94CA-52AB6E2F2440}"
EndProject
Project("{FAE04EC0-301F-11D3-BF4B-00C04F79EFBC}") = "GxSystemApi", "GxSystemApi\GxSystemApi.csproj", "{EF25B149-58A2-445B-A09F-0D4C4925BCE4}"
EndProject
Project("{FAE04EC0-301F-11D3-BF4B-00C04F79EFBC}") = "GxSystemMgrWeb", "GxSystemMgrWeb\GxSystemMgrWeb.csproj", "{C5E4548C-1084-4EE7-981A-1CBD03839F3F}"
EndProject
Project("{FAE04EC0-301F-11D3-BF4B-00C04F79EFBC}") = "Gx.Business", "Gx.Business\Gx.Business.csproj", "{E8EF980F-A557-4CA4-90B8-DA4BB5A29B2B}"
EndProject
Project("{FAE04EC0-301F-11D3-BF4B-00C04F79EFBC}") = "Gx.DataAccess", "Gx.DataAccess\Gx.DataAccess.csproj", "{E361D0FF-39B3-4598-8A26-06C87475116D}"
EndProject
Project("{FAE04EC0-301F-11D3-BF4B-00C04F79EFBC}") = "Gx.Models", "Gx.Models\Gx.Models.csproj", "{F3715919-D98B-4D2A-AB0F-45056EF4E306}"
EndProject
Project("{FAE04EC0-301F-11D3-BF4B-00C04F79EFBC}") = "Gx.CommonUnits", "Gx.CommonUnits\Gx.CommonUnits.csproj", "{D3978C56-702A-4C1A-9DF9-1F5FECAA159D}"
EndProject
Global
	GlobalSection(SolutionConfigurationPlatforms) = preSolution
		Debug|Any CPU = Debug|Any CPU
		Release|Any CPU = Release|Any CPU
	EndGlobalSection
	GlobalSection(ProjectConfigurationPlatforms) = postSolution
		{EF25B149-58A2-445B-A09F-0D4C4925BCE4}.Debug|Any CPU.ActiveCfg = Debug|Any CPU
		{EF25B149-58A2-445B-A09F-0D4C4925BCE4}.Debug|Any CPU.Build.0 = Debug|Any CPU
		{EF25B149-58A2-445B-A09F-0D4C4925BCE4}.Release|Any CPU.ActiveCfg = Release|Any CPU
		{EF25B149-58A2-445B-A09F-0D4C4925BCE4}.Release|Any CPU.Build.0 = Release|Any CPU
		{C5E4548C-1084-4EE7-981A-1CBD03839F3F}.Debug|Any CPU.ActiveCfg = Debug|Any CPU
		{C5E4548C-1084-4EE7-981A-1CBD03839F3F}.Debug|Any CPU.Build.0 = Debug|Any CPU
		{C5E4548C-1084-4EE7-981A-1CBD03839F3F}.Release|Any CPU.ActiveCfg = Release|Any CPU
		{C5E4548C-1084-4EE7-981A-1CBD03839F3F}.Release|Any CPU.Build.0 = Release|Any CPU
		{E8EF980F-A557-4CA4-90B8-DA4BB5A29B2B}.Debug|Any CPU.ActiveCfg = Debug|Any CPU
		{E8EF980F-A557-4CA4-90B8-DA4BB5A29B2B}.Debug|Any CPU.Build.0 = Debug|Any CPU
		{E8EF980F-A557-4CA4-90B8-DA4BB5A29B2B}.Release|Any CPU.ActiveCfg = Release|Any CPU
		{E8EF980F-A557-4CA4-90B8-DA4BB5A29B2B}.Release|Any CPU.Build.0 = Release|Any CPU
		{E361D0FF-39B3-4598-8A26-06C87475116D}.Debug|Any CPU.ActiveCfg = Debug|Any CPU
		{E361D0FF-39B3-4598-8A26-06C87475116D}.Debug|Any CPU.Build.0 = Debug|Any CPU
		{E361D0FF-39B3-4598-8A26-06C87475116D}.Release|Any CPU.ActiveCfg = Release|Any CPU
		{E361D0FF-39B3-4598-8A26-06C87475116D}.Release|Any CPU.Build.0 = Release|Any CPU
		{F3715919-D98B-4D2A-AB0F-45056EF4E306}.Debug|Any CPU.ActiveCfg = Debug|Any CPU
		{F3715919-D98B-4D2A-AB0F-45056EF4E306}.Debug|Any CPU.Build.0 = Debug|Any CPU
		{F3715919-D98B-4D2A-AB0F-45056EF4E306}.Release|Any CPU.ActiveCfg = Release|Any CPU
		{F3715919-D98B-4D2A-AB0F-45056EF4E306}.Release|Any CPU.Build.0 = Release|Any CPU
		{D3978C56-702A-4C1A-9DF9-1F5FECAA159D}.Debug|Any CPU.ActiveCfg = Debug|Any CPU
		{D3978C56-702A-4C1A-9DF9-1F5FECAA159D}.Debug|Any CPU.Build.0 = Debug|Any CPU
		{D3978C56-702A-4C1A-9DF9-1F5FECAA159D}.Release|Any CPU.ActiveCfg = Release|Any CPU
		{D3978C56-702A-4C1A-9DF9-1F5FECAA159D}.Release|Any CPU.Build.0 = Release|Any CPU
	EndGlobalSection
	GlobalSection(SolutionProperties) = preSolution
		HideSolutionNode = FALSE
	EndGlobalSection
	GlobalSection(NestedProjects) = preSolution
		{EF25B149-58A2-445B-A09F-0D4C4925BCE4} = {AE42E58E-9E6C-467A-9A0B-25814117C839}
		{C5E4548C-1084-4EE7-981A-1CBD03839F3F} = {AE42E58E-9E6C-467A-9A0B-25814117C839}
		{E8EF980F-A557-4CA4-90B8-DA4BB5A29B2B} = {B10C753C-5BD1-4685-94CA-52AB6E2F2440}
		{E361D0FF-39B3-4598-8A26-06C87475116D} = {B10C753C-5BD1-4685-94CA-52AB6E2F2440}
		{F3715919-D98B-4D2A-AB0F-45056EF4E306} = {B10C753C-5BD1-4685-94CA-52AB6E2F2440}
		{D3978C56-702A-4C1A-9DF9-1F5FECAA159D} = {B10C753C-5BD1-4685-94CA-52AB6E2F2440}
	EndGlobalSection
EndGlobal
